// !$*UTF8*$!
{
	archiveVersion = 1;
	classes = {
	};
	objectVersion = 56;
	objects = {

/* Begin PBXBuildFile section */
		118BC4612BFF389B00C671B8 /* Message.swift in Sources */ = {isa = PBXBuildFile; fileRef = 118BC4602BFF389B00C671B8 /* Message.swift */; };
		119194D92BF6845900AEB8CF /* AppDelegate.swift in Sources */ = {isa = PBXBuildFile; fileRef = 119194D82BF6845900AEB8CF /* AppDelegate.swift */; };
		119194DB2BF6845900AEB8CF /* SceneDelegate.swift in Sources */ = {isa = PBXBuildFile; fileRef = 119194DA2BF6845900AEB8CF /* SceneDelegate.swift */; };
		119194E02BF6845900AEB8CF /* Base in Resources */ = {isa = PBXBuildFile; fileRef = 119194DF2BF6845900AEB8CF /* Base */; };
		119194E52BF6845A00AEB8CF /* Base in Resources */ = {isa = PBXBuildFile; fileRef = 119194E42BF6845A00AEB8CF /* Base */; };
		119194F42BF68BBA00AEB8CF /* ChatViewController.swift in Sources */ = {isa = PBXBuildFile; fileRef = 119194F02BF68BB900AEB8CF /* ChatViewController.swift */; };
		119194F52BF68BBA00AEB8CF /* RegisterViewController.swift in Sources */ = {isa = PBXBuildFile; fileRef = 119194F12BF68BB900AEB8CF /* RegisterViewController.swift */; };
		119194F62BF68BBA00AEB8CF /* WelcomeViewController.swift in Sources */ = {isa = PBXBuildFile; fileRef = 119194F22BF68BB900AEB8CF /* WelcomeViewController.swift */; };
		119194F72BF68BBA00AEB8CF /* LoginViewController.swift in Sources */ = {isa = PBXBuildFile; fileRef = 119194F32BF68BB900AEB8CF /* LoginViewController.swift */; };
		119194FA2BF6914300AEB8CF /* Assets.xcassets in Resources */ = {isa = PBXBuildFile; fileRef = 119194F92BF6914300AEB8CF /* Assets.xcassets */; };
		119194FC2BF69A1300AEB8CF /* GoogleService-Info.plist in Resources */ = {isa = PBXBuildFile; fileRef = 119194FB2BF69A1300AEB8CF /* GoogleService-Info.plist */; };
		119194FE2BF6AE2D00AEB8CF /* AlertManager.swift in Sources */ = {isa = PBXBuildFile; fileRef = 119194FD2BF6AE2D00AEB8CF /* AlertManager.swift */; };
		1196D3662BFF31CD0064E9EF /* IQKeyboardManagerSwift in Frameworks */ = {isa = PBXBuildFile; productRef = 1196D3652BFF31CD0064E9EF /* IQKeyboardManagerSwift */; };
		1196D3682BFF32320064E9EF /* MessageCell.swift in Sources */ = {isa = PBXBuildFile; fileRef = 1196D3672BFF32320064E9EF /* MessageCell.swift */; };
		1196D36A2BFF323A0064E9EF /* MessageCell.xib in Resources */ = {isa = PBXBuildFile; fileRef = 1196D3692BFF323A0064E9EF /* MessageCell.xib */; };
		11BA6A6B2BF77393003B405D /* Constants.swift in Sources */ = {isa = PBXBuildFile; fileRef = 11BA6A6A2BF77393003B405D /* Constants.swift */; };
		7675B50996A6986A121208F3 /* Pods_FireChat.framework in Frameworks */ = {isa = PBXBuildFile; fileRef = 966E0C47D1DF68A8B96952D6 /* Pods_FireChat.framework */; };
/* End PBXBuildFile section */

/* Begin PBXFileReference section */
		118BC4602BFF389B00C671B8 /* Message.swift */ = {isa = PBXFileReference; fileEncoding = 4; lastKnownFileType = sourcecode.swift; path = Message.swift; sourceTree = "<group>"; };
		119194D52BF6845900AEB8CF /* FireChat.app */ = {isa = PBXFileReference; explicitFileType = wrapper.application; includeInIndex = 0; path = FireChat.app; sourceTree = BUILT_PRODUCTS_DIR; };
		119194D82BF6845900AEB8CF /* AppDelegate.swift */ = {isa = PBXFileReference; lastKnownFileType = sourcecode.swift; path = AppDelegate.swift; sourceTree = "<group>"; };
		119194DA2BF6845900AEB8CF /* SceneDelegate.swift */ = {isa = PBXFileReference; lastKnownFileType = sourcecode.swift; path = SceneDelegate.swift; sourceTree = "<group>"; };
		119194DF2BF6845900AEB8CF /* Base */ = {isa = PBXFileReference; lastKnownFileType = file.storyboard; name = Base; path = Base.lproj/Main.storyboard; sourceTree = "<group>"; };
		119194E42BF6845A00AEB8CF /* Base */ = {isa = PBXFileReference; lastKnownFileType = file.storyboard; name = Base; path = Base.lproj/LaunchScreen.storyboard; sourceTree = "<group>"; };
		119194E62BF6845A00AEB8CF /* Info.plist */ = {isa = PBXFileReference; lastKnownFileType = text.plist.xml; path = Info.plist; sourceTree = "<group>"; };
		119194F02BF68BB900AEB8CF /* ChatViewController.swift */ = {isa = PBXFileReference; fileEncoding = 4; lastKnownFileType = sourcecode.swift; path = ChatViewController.swift; sourceTree = "<group>"; };
		119194F12BF68BB900AEB8CF /* RegisterViewController.swift */ = {isa = PBXFileReference; fileEncoding = 4; lastKnownFileType = sourcecode.swift; path = RegisterViewController.swift; sourceTree = "<group>"; };
		119194F22BF68BB900AEB8CF /* WelcomeViewController.swift */ = {isa = PBXFileReference; fileEncoding = 4; lastKnownFileType = sourcecode.swift; path = WelcomeViewController.swift; sourceTree = "<group>"; };
		119194F32BF68BB900AEB8CF /* LoginViewController.swift */ = {isa = PBXFileReference; fileEncoding = 4; lastKnownFileType = sourcecode.swift; path = LoginViewController.swift; sourceTree = "<group>"; };
		119194F92BF6914300AEB8CF /* Assets.xcassets */ = {isa = PBXFileReference; lastKnownFileType = folder.assetcatalog; path = Assets.xcassets; sourceTree = "<group>"; };
		119194FB2BF69A1300AEB8CF /* GoogleService-Info.plist */ = {isa = PBXFileReference; fileEncoding = 4; lastKnownFileType = text.plist.xml; path = "GoogleService-Info.plist"; sourceTree = "<group>"; };
		119194FD2BF6AE2D00AEB8CF /* AlertManager.swift */ = {isa = PBXFileReference; lastKnownFileType = sourcecode.swift; path = AlertManager.swift; sourceTree = "<group>"; };
		1196D3672BFF32320064E9EF /* MessageCell.swift */ = {isa = PBXFileReference; fileEncoding = 4; lastKnownFileType = sourcecode.swift; path = MessageCell.swift; sourceTree = "<group>"; };
		1196D3692BFF323A0064E9EF /* MessageCell.xib */ = {isa = PBXFileReference; fileEncoding = 4; lastKnownFileType = file.xib; path = MessageCell.xib; sourceTree = "<group>"; };
		11BA6A6A2BF77393003B405D /* Constants.swift */ = {isa = PBXFileReference; lastKnownFileType = sourcecode.swift; path = Constants.swift; sourceTree = "<group>"; };
		54B27A347D90638172BB5974 /* Pods-FireChat.release.xcconfig */ = {isa = PBXFileReference; includeInIndex = 1; lastKnownFileType = text.xcconfig; name = "Pods-FireChat.release.xcconfig"; path = "Target Support Files/Pods-FireChat/Pods-FireChat.release.xcconfig"; sourceTree = "<group>"; };
		91A01BE28B6CECE5375CFDFF /* Pods-FireChat.debug.xcconfig */ = {isa = PBXFileReference; includeInIndex = 1; lastKnownFileType = text.xcconfig; name = "Pods-FireChat.debug.xcconfig"; path = "Target Support Files/Pods-FireChat/Pods-FireChat.debug.xcconfig"; sourceTree = "<group>"; };
		966E0C47D1DF68A8B96952D6 /* Pods_FireChat.framework */ = {isa = PBXFileReference; explicitFileType = wrapper.framework; includeInIndex = 0; path = Pods_FireChat.framework; sourceTree = BUILT_PRODUCTS_DIR; };
/* End PBXFileReference section */

/* Begin PBXFrameworksBuildPhase section */
		119194D22BF6845900AEB8CF /* Frameworks */ = {
			isa = PBXFrameworksBuildPhase;
			buildActionMask = 2147483647;
			files = (
				7675B50996A6986A121208F3 /* Pods_FireChat.framework in Frameworks */,
				1196D3662BFF31CD0064E9EF /* IQKeyboardManagerSwift in Frameworks */,
			);
			runOnlyForDeploymentPostprocessing = 0;
		};
/* End PBXFrameworksBuildPhase section */

/* Begin PBXGroup section */
		119194CC2BF6845900AEB8CF = {
			isa = PBXGroup;
			children = (
				119194D72BF6845900AEB8CF /* FireChat */,
				119194D62BF6845900AEB8CF /* Products */,
				53EAAF2D393E176DE26E8437 /* Pods */,
				6CDDDAEFAACEA3928C3785FE /* Frameworks */,
			);
			sourceTree = "<group>";
		};
		119194D62BF6845900AEB8CF /* Products */ = {
			isa = PBXGroup;
			children = (
				119194D52BF6845900AEB8CF /* FireChat.app */,
			);
			name = Products;
			sourceTree = "<group>";
		};
		119194D72BF6845900AEB8CF /* FireChat */ = {
			isa = PBXGroup;
			children = (
				119194D82BF6845900AEB8CF /* AppDelegate.swift */,
				119194DA2BF6845900AEB8CF /* SceneDelegate.swift */,
				11BA6A6C2BF7739F003B405D /* Models */,
				11BA6A6D2BF773AA003B405D /* Views */,
				119194F82BF68BF800AEB8CF /* Controllers */,
				119194F92BF6914300AEB8CF /* Assets.xcassets */,
				119194E62BF6845A00AEB8CF /* Info.plist */,
				119194FB2BF69A1300AEB8CF /* GoogleService-Info.plist */,
				119194FD2BF6AE2D00AEB8CF /* AlertManager.swift */,
				11BA6A6A2BF77393003B405D /* Constants.swift */,
			);
			path = FireChat;
			sourceTree = "<group>";
		};
		119194F82BF68BF800AEB8CF /* Controllers */ = {
			isa = PBXGroup;
			children = (
				119194F22BF68BB900AEB8CF /* WelcomeViewController.swift */,
				119194F02BF68BB900AEB8CF /* ChatViewController.swift */,
				119194F32BF68BB900AEB8CF /* LoginViewController.swift */,
				119194F12BF68BB900AEB8CF /* RegisterViewController.swift */,
			);
			path = Controllers;
			sourceTree = "<group>";
		};
		11BA6A6C2BF7739F003B405D /* Models */ = {
			isa = PBXGroup;
			children = (
				118BC4602BFF389B00C671B8 /* Message.swift */,
			);
			path = Models;
			sourceTree = "<group>";
		};
		11BA6A6D2BF773AA003B405D /* Views */ = {
			isa = PBXGroup;
			children = (
				119194DE2BF6845900AEB8CF /* Main.storyboard */,
				1196D3672BFF32320064E9EF /* MessageCell.swift */,
				1196D3692BFF323A0064E9EF /* MessageCell.xib */,
				119194E32BF6845A00AEB8CF /* LaunchScreen.storyboard */,
			);
			path = Views;
			sourceTree = "<group>";
		};
		53EAAF2D393E176DE26E8437 /* Pods */ = {
			isa = PBXGroup;
			children = (
				91A01BE28B6CECE5375CFDFF /* Pods-FireChat.debug.xcconfig */,
				54B27A347D90638172BB5974 /* Pods-FireChat.release.xcconfig */,
			);
			path = Pods;
			sourceTree = "<group>";
		};
		6CDDDAEFAACEA3928C3785FE /* Frameworks */ = {
			isa = PBXGroup;
			children = (
				966E0C47D1DF68A8B96952D6 /* Pods_FireChat.framework */,
			);
			name = Frameworks;
			sourceTree = "<group>";
		};
/* End PBXGroup section */

/* Begin PBXNativeTarget section */
		119194D42BF6845900AEB8CF /* FireChat */ = {
			isa = PBXNativeTarget;
			buildConfigurationList = 119194E92BF6845A00AEB8CF /* Build configuration list for PBXNativeTarget "FireChat" */;
			buildPhases = (
				5EE0D594214881D180FC8C3D /* [CP] Check Pods Manifest.lock */,
				119194D12BF6845900AEB8CF /* Sources */,
				119194D22BF6845900AEB8CF /* Frameworks */,
				119194D32BF6845900AEB8CF /* Resources */,
				79C78A78AD399A6277F5F22A /* [CP] Embed Pods Frameworks */,
			);
			buildRules = (
			);
			dependencies = (
			);
			name = FireChat;
			packageProductDependencies = (
				1196D3652BFF31CD0064E9EF /* IQKeyboardManagerSwift */,
			);
			productName = FireChat;
			productReference = 119194D52BF6845900AEB8CF /* FireChat.app */;
			productType = "com.apple.product-type.application";
		};
/* End PBXNativeTarget section */

/* Begin PBXProject section */
		119194CD2BF6845900AEB8CF /* Project object */ = {
			isa = PBXProject;
			attributes = {
				BuildIndependentTargetsInParallel = 1;
				LastSwiftUpdateCheck = 1530;
				LastUpgradeCheck = 1530;
				TargetAttributes = {
					119194D42BF6845900AEB8CF = {
						CreatedOnToolsVersion = 15.3;
					};
				};
			};
			buildConfigurationList = 119194D02BF6845900AEB8CF /* Build configuration list for PBXProject "FireChat" */;
			compatibilityVersion = "Xcode 14.0";
			developmentRegion = en;
			hasScannedForEncodings = 0;
			knownRegions = (
				en,
				Base,
			);
			mainGroup = 119194CC2BF6845900AEB8CF;
			packageReferences = (
				1196D3642BFF31CD0064E9EF /* XCRemoteSwiftPackageReference "IQKeyboardManager" */,
			);
			productRefGroup = 119194D62BF6845900AEB8CF /* Products */;
			projectDirPath = "";
			projectRoot = "";
			targets = (
				119194D42BF6845900AEB8CF /* FireChat */,
			);
		};
/* End PBXProject section */

/* Begin PBXResourcesBuildPhase section */
		119194D32BF6845900AEB8CF /* Resources */ = {
			isa = PBXResourcesBuildPhase;
			buildActionMask = 2147483647;
			files = (
				1196D36A2BFF323A0064E9EF /* MessageCell.xib in Resources */,
				119194E52BF6845A00AEB8CF /* Base in Resources */,
				119194FC2BF69A1300AEB8CF /* GoogleService-Info.plist in Resources */,
				119194FA2BF6914300AEB8CF /* Assets.xcassets in Resources */,
				119194E02BF6845900AEB8CF /* Base in Resources */,
			);
			runOnlyForDeploymentPostprocessing = 0;
		};
/* End PBXResourcesBuildPhase section */

/* Begin PBXShellScriptBuildPhase section */
		5EE0D594214881D180FC8C3D /* [CP] Check Pods Manifest.lock */ = {
			isa = PBXShellScriptBuildPhase;
			buildActionMask = 2147483647;
			files = (
			);
			inputFileListPaths = (
			);
			inputPaths = (
				"${PODS_PODFILE_DIR_PATH}/Podfile.lock",
				"${PODS_ROOT}/Manifest.lock",
			);
			name = "[CP] Check Pods Manifest.lock";
			outputFileListPaths = (
			);
			outputPaths = (
				"$(DERIVED_FILE_DIR)/Pods-FireChat-checkManifestLockResult.txt",
			);
			runOnlyForDeploymentPostprocessing = 0;
			shellPath = /bin/sh;
			shellScript = "diff \"${PODS_PODFILE_DIR_PATH}/Podfile.lock\" \"${PODS_ROOT}/Manifest.lock\" > /dev/null\nif [ $? != 0 ] ; then\n    # print error to STDERR\n    echo \"error: The sandbox is not in sync with the Podfile.lock. Run 'pod install' or update your CocoaPods installation.\" >&2\n    exit 1\nfi\n# This output is used by Xcode 'outputs' to avoid re-running this script phase.\necho \"SUCCESS\" > \"${SCRIPT_OUTPUT_FILE_0}\"\n";
			showEnvVarsInLog = 0;
		};
		79C78A78AD399A6277F5F22A /* [CP] Embed Pods Frameworks */ = {
			isa = PBXShellScriptBuildPhase;
			buildActionMask = 2147483647;
			files = (
			);
			inputFileListPaths = (
				"${PODS_ROOT}/Target Support Files/Pods-FireChat/Pods-FireChat-frameworks-${CONFIGURATION}-input-files.xcfilelist",
			);
			name = "[CP] Embed Pods Frameworks";
			outputFileListPaths = (
				"${PODS_ROOT}/Target Support Files/Pods-FireChat/Pods-FireChat-frameworks-${CONFIGURATION}-output-files.xcfilelist",
			);
			runOnlyForDeploymentPostprocessing = 0;
			shellPath = /bin/sh;
			shellScript = "\"${PODS_ROOT}/Target Support Files/Pods-FireChat/Pods-FireChat-frameworks.sh\"\n";
			showEnvVarsInLog = 0;
		};
/* End PBXShellScriptBuildPhase section */

/* Begin PBXSourcesBuildPhase section */
		119194D12BF6845900AEB8CF /* Sources */ = {
			isa = PBXSourcesBuildPhase;
			buildActionMask = 2147483647;
			files = (
				119194F72BF68BBA00AEB8CF /* LoginViewController.swift in Sources */,
				1196D3682BFF32320064E9EF /* MessageCell.swift in Sources */,
				119194F52BF68BBA00AEB8CF /* RegisterViewController.swift in Sources */,
				119194D92BF6845900AEB8CF /* AppDelegate.swift in Sources */,
				119194F62BF68BBA00AEB8CF /* WelcomeViewController.swift in Sources */,
				118BC4612BFF389B00C671B8 /* Message.swift in Sources */,
				119194F42BF68BBA00AEB8CF /* ChatViewController.swift in Sources */,
				119194FE2BF6AE2D00AEB8CF /* AlertManager.swift in Sources */,
				119194DB2BF6845900AEB8CF /* SceneDelegate.swift in Sources */,
				11BA6A6B2BF77393003B405D /* Constants.swift in Sources */,
			);
			runOnlyForDeploymentPostprocessing = 0;
		};
/* End PBXSourcesBuildPhase section */

/* Begin PBXVariantGroup section */
		119194DE2BF6845900AEB8CF /* Main.storyboard */ = {
			isa = PBXVariantGroup;
			children = (
				119194DF2BF6845900AEB8CF /* Base */,
			);
			name = Main.storyboard;
			sourceTree = "<group>";
		};
		119194E32BF6845A00AEB8CF /* LaunchScreen.storyboard */ = {
			isa = PBXVariantGroup;
			children = (
				119194E42BF6845A00AEB8CF /* Base */,
			);
			name = LaunchScreen.storyboard;
			sourceTree = "<group>";
		};
/* End PBXVariantGroup section */

/* Begin XCBuildConfiguration section */
		119194E72BF6845A00AEB8CF /* Debug */ = {
			isa = XCBuildConfiguration;
			buildSettings = {
				ALWAYS_SEARCH_USER_PATHS = NO;
				ASSETCATALOG_COMPILER_GENERATE_SWIFT_ASSET_SYMBOL_EXTENSIONS = YES;
				CLANG_ANALYZER_NONNULL = YES;
				CLANG_ANALYZER_NUMBER_OBJECT_CONVERSION = YES_AGGRESSIVE;
				CLANG_CXX_LANGUAGE_STANDARD = "gnu++20";
				CLANG_ENABLE_MODULES = YES;
				CLANG_ENABLE_OBJC_ARC = YES;
				CLANG_ENABLE_OBJC_WEAK = YES;
				CLANG_WARN_BLOCK_CAPTURE_AUTORELEASING = YES;
				CLANG_WARN_BOOL_CONVERSION = YES;
				CLANG_WARN_COMMA = YES;
				CLANG_WARN_CONSTANT_CONVERSION = YES;
				CLANG_WARN_DEPRECATED_OBJC_IMPLEMENTATIONS = YES;
				CLANG_WARN_DIRECT_OBJC_ISA_USAGE = YES_ERROR;
				CLANG_WARN_DOCUMENTATION_COMMENTS = YES;
				CLANG_WARN_EMPTY_BODY = YES;
				CLANG_WARN_ENUM_CONVERSION = YES;
				CLANG_WARN_INFINITE_RECURSION = YES;
				CLANG_WARN_INT_CONVERSION = YES;
				CLANG_WARN_NON_LITERAL_NULL_CONVERSION = YES;
				CLANG_WARN_OBJC_IMPLICIT_RETAIN_SELF = YES;
				CLANG_WARN_OBJC_LITERAL_CONVERSION = YES;
				CLANG_WARN_OBJC_ROOT_CLASS = YES_ERROR;
				CLANG_WARN_QUOTED_INCLUDE_IN_FRAMEWORK_HEADER = YES;
				CLANG_WARN_RANGE_LOOP_ANALYSIS = YES;
				CLANG_WARN_STRICT_PROTOTYPES = YES;
				CLANG_WARN_SUSPICIOUS_MOVE = YES;
				CLANG_WARN_UNGUARDED_AVAILABILITY = YES_AGGRESSIVE;
				CLANG_WARN_UNREACHABLE_CODE = YES;
				CLANG_WARN__DUPLICATE_METHOD_MATCH = YES;
				COPY_PHASE_STRIP = NO;
				DEBUG_INFORMATION_FORMAT = dwarf;
				ENABLE_STRICT_OBJC_MSGSEND = YES;
				ENABLE_TESTABILITY = YES;
				ENABLE_USER_SCRIPT_SANDBOXING = NO;
				GCC_C_LANGUAGE_STANDARD = gnu17;
				GCC_DYNAMIC_NO_PIC = NO;
				GCC_NO_COMMON_BLOCKS = YES;
				GCC_OPTIMIZATION_LEVEL = 0;
				GCC_PREPROCESSOR_DEFINITIONS = (
					"DEBUG=1",
					"$(inherited)",
				);
				GCC_WARN_64_TO_32_BIT_CONVERSION = YES;
				GCC_WARN_ABOUT_RETURN_TYPE = YES_ERROR;
				GCC_WARN_UNDECLARED_SELECTOR = YES;
				GCC_WARN_UNINITIALIZED_AUTOS = YES_AGGRESSIVE;
				GCC_WARN_UNUSED_FUNCTION = YES;
				GCC_WARN_UNUSED_VARIABLE = YES;
				IPHONEOS_DEPLOYMENT_TARGET = 17.4;
				LOCALIZATION_PREFERS_STRING_CATALOGS = YES;
				MTL_ENABLE_DEBUG_INFO = INCLUDE_SOURCE;
				MTL_FAST_MATH = YES;
				ONLY_ACTIVE_ARCH = YES;
				SDKROOT = iphoneos;
				SWIFT_ACTIVE_COMPILATION_CONDITIONS = "DEBUG $(inherited)";
				SWIFT_OPTIMIZATION_LEVEL = "-Onone";
			};
			name = Debug;
		};
		119194E82BF6845A00AEB8CF /* Release */ = {
			isa = XCBuildConfiguration;
			buildSettings = {
				ALWAYS_SEARCH_USER_PATHS = NO;
				ASSETCATALOG_COMPILER_GENERATE_SWIFT_ASSET_SYMBOL_EXTENSIONS = YES;
				CLANG_ANALYZER_NONNULL = YES;
				CLANG_ANALYZER_NUMBER_OBJECT_CONVERSION = YES_AGGRESSIVE;
				CLANG_CXX_LANGUAGE_STANDARD = "gnu++20";
				CLANG_ENABLE_MODULES = YES;
				CLANG_ENABLE_OBJC_ARC = YES;
				CLANG_ENABLE_OBJC_WEAK = YES;
				CLANG_WARN_BLOCK_CAPTURE_AUTORELEASING = YES;
				CLANG_WARN_BOOL_CONVERSION = YES;
				CLANG_WARN_COMMA = YES;
				CLANG_WARN_CONSTANT_CONVERSION = YES;
				CLANG_WARN_DEPRECATED_OBJC_IMPLEMENTATIONS = YES;
				CLANG_WARN_DIRECT_OBJC_ISA_USAGE = YES_ERROR;
				CLANG_WARN_DOCUMENTATION_COMMENTS = YES;
				CLANG_WARN_EMPTY_BODY = YES;
				CLANG_WARN_ENUM_CONVERSION = YES;
				CLANG_WARN_INFINITE_RECURSION = YES;
				CLANG_WARN_INT_CONVERSION = YES;
				CLANG_WARN_NON_LITERAL_NULL_CONVERSION = YES;
				CLANG_WARN_OBJC_IMPLICIT_RETAIN_SELF = YES;
				CLANG_WARN_OBJC_LITERAL_CONVERSION = YES;
				CLANG_WARN_OBJC_ROOT_CLASS = YES_ERROR;
				CLANG_WARN_QUOTED_INCLUDE_IN_FRAMEWORK_HEADER = YES;
				CLANG_WARN_RANGE_LOOP_ANALYSIS = YES;
				CLANG_WARN_STRICT_PROTOTYPES = YES;
				CLANG_WARN_SUSPICIOUS_MOVE = YES;
				CLANG_WARN_UNGUARDED_AVAILABILITY = YES_AGGRESSIVE;
				CLANG_WARN_UNREACHABLE_CODE = YES;
				CLANG_WARN__DUPLICATE_METHOD_MATCH = YES;
				COPY_PHASE_STRIP = NO;
				DEBUG_INFORMATION_FORMAT = "dwarf-with-dsym";
				ENABLE_NS_ASSERTIONS = NO;
				ENABLE_STRICT_OBJC_MSGSEND = YES;
				ENABLE_USER_SCRIPT_SANDBOXING = NO;
				GCC_C_LANGUAGE_STANDARD = gnu17;
				GCC_NO_COMMON_BLOCKS = YES;
				GCC_WARN_64_TO_32_BIT_CONVERSION = YES;
				GCC_WARN_ABOUT_RETURN_TYPE = YES_ERROR;
				GCC_WARN_UNDECLARED_SELECTOR = YES;
				GCC_WARN_UNINITIALIZED_AUTOS = YES_AGGRESSIVE;
				GCC_WARN_UNUSED_FUNCTION = YES;
				GCC_WARN_UNUSED_VARIABLE = YES;
				IPHONEOS_DEPLOYMENT_TARGET = 17.4;
				LOCALIZATION_PREFERS_STRING_CATALOGS = YES;
				MTL_ENABLE_DEBUG_INFO = NO;
				MTL_FAST_MATH = YES;
				SDKROOT = iphoneos;
				SWIFT_COMPILATION_MODE = wholemodule;
				VALIDATE_PRODUCT = YES;
			};
			name = Release;
		};
		119194EA2BF6845A00AEB8CF /* Debug */ = {
			isa = XCBuildConfiguration;
			baseConfigurationReference = 91A01BE28B6CECE5375CFDFF /* Pods-FireChat.debug.xcconfig */;
			buildSettings = {
				ASSETCATALOG_COMPILER_APPICON_NAME = AppIcon;
				ASSETCATALOG_COMPILER_GLOBAL_ACCENT_COLOR_NAME = AccentColor;
				CODE_SIGN_STYLE = Automatic;
				CURRENT_PROJECT_VERSION = 1;
				DEVELOPMENT_TEAM = NVGTF49M8Q;
				GENERATE_INFOPLIST_FILE = YES;
				INFOPLIST_FILE = FireChat/Info.plist;
				INFOPLIST_KEY_UIApplicationSupportsIndirectInputEvents = YES;
				INFOPLIST_KEY_UILaunchStoryboardName = LaunchScreen;
				INFOPLIST_KEY_UIMainStoryboardFile = Main;
				INFOPLIST_KEY_UISupportedInterfaceOrientations_iPad = "UIInterfaceOrientationPortrait UIInterfaceOrientationPortraitUpsideDown UIInterfaceOrientationLandscapeLeft UIInterfaceOrientationLandscapeRight";
				INFOPLIST_KEY_UISupportedInterfaceOrientations_iPhone = "UIInterfaceOrientationPortrait UIInterfaceOrientationLandscapeLeft UIInterfaceOrientationLandscapeRight";
				LD_RUNPATH_SEARCH_PATHS = (
					"$(inherited)",
					"@executable_path/Frameworks",
				);
				MARKETING_VERSION = 1.0;
				PRODUCT_BUNDLE_IDENTIFIER = com.sametkorkmaz.FireChat;
				PRODUCT_NAME = "$(TARGET_NAME)";
				SWIFT_EMIT_LOC_STRINGS = YES;
				SWIFT_VERSION = 5.0;
				TARGETED_DEVICE_FAMILY = "1,2";
			};
			name = Debug;
		};
		119194EB2BF6845A00AEB8CF /* Release */ = {
			isa = XCBuildConfiguration;
			baseConfigurationReference = 54B27A347D90638172BB5974 /* Pods-FireChat.release.xcconfig */;
			buildSettings = {
				ASSETCATALOG_COMPILER_APPICON_NAME = AppIcon;
				ASSETCATALOG_COMPILER_GLOBAL_ACCENT_COLOR_NAME = AccentColor;
				CODE_SIGN_STYLE = Automatic;
				CURRENT_PROJECT_VERSION = 1;
				DEVELOPMENT_TEAM = NVGTF49M8Q;
				GENERATE_INFOPLIST_FILE = YES;
				INFOPLIST_FILE = FireChat/Info.plist;
				INFOPLIST_KEY_UIApplicationSupportsIndirectInputEvents = YES;
				INFOPLIST_KEY_UILaunchStoryboardName = LaunchScreen;
				INFOPLIST_KEY_UIMainStoryboardFile = Main;
				INFOPLIST_KEY_UISupportedInterfaceOrientations_iPad = "UIInterfaceOrientationPortrait UIInterfaceOrientationPortraitUpsideDown UIInterfaceOrientationLandscapeLeft UIInterfaceOrientationLandscapeRight";
				INFOPLIST_KEY_UISupportedInterfaceOrientations_iPhone = "UIInterfaceOrientationPortrait UIInterfaceOrientationLandscapeLeft UIInterfaceOrientationLandscapeRight";
				LD_RUNPATH_SEARCH_PATHS = (
					"$(inherited)",
					"@executable_path/Frameworks",
				);
				MARKETING_VERSION = 1.0;
				PRODUCT_BUNDLE_IDENTIFIER = com.sametkorkmaz.FireChat;
				PRODUCT_NAME = "$(TARGET_NAME)";
				SWIFT_EMIT_LOC_STRINGS = YES;
				SWIFT_VERSION = 5.0;
				TARGETED_DEVICE_FAMILY = "1,2";
			};
			name = Release;
		};
/* End XCBuildConfiguration section */

/* Begin XCConfigurationList section */
		119194D02BF6845900AEB8CF /* Build configuration list for PBXProject "FireChat" */ = {
			isa = XCConfigurationList;
			buildConfigurations = (
				119194E72BF6845A00AEB8CF /* Debug */,
				119194E82BF6845A00AEB8CF /* Release */,
			);
			defaultConfigurationIsVisible = 0;
			defaultConfigurationName = Release;
		};
		119194E92BF6845A00AEB8CF /* Build configuration list for PBXNativeTarget "FireChat" */ = {
			isa = XCConfigurationList;
			buildConfigurations = (
				119194EA2BF6845A00AEB8CF /* Debug */,
				119194EB2BF6845A00AEB8CF /* Release */,
			);
			defaultConfigurationIsVisible = 0;
			defaultConfigurationName = Release;
		};
/* End XCConfigurationList section */

/* Begin XCRemoteSwiftPackageReference section */
		1196D3642BFF31CD0064E9EF /* XCRemoteSwiftPackageReference "IQKeyboardManager" */ = {
			isa = XCRemoteSwiftPackageReference;
			repositoryURL = "https://github.com/hackiftekhar/IQKeyboardManager";
			requirement = {
				kind = upToNextMajorVersion;
				minimumVersion = 7.0.3;
			};
		};
/* End XCRemoteSwiftPackageReference section */

/* Begin XCSwiftPackageProductDependency section */
		1196D3652BFF31CD0064E9EF /* IQKeyboardManagerSwift */ = {
			isa = XCSwiftPackageProductDependency;
			package = 1196D3642BFF31CD0064E9EF /* XCRemoteSwiftPackageReference "IQKeyboardManager" */;
			productName = IQKeyboardManagerSwift;
		};
/* End XCSwiftPackageProductDependency section */
	};
	rootObject = 119194CD2BF6845900AEB8CF /* Project object */;
}
